
Microsoft Visual Studio Solution File, Format Version 11.00
# Visual Studio 2010
Project("{FAE04EC0-301F-11D3-BF4B-00C04F79EFBC}") = "ADOExample", "ADOExample\ADOExample.csproj", "{2D4567CB-9C2F-4348-A1A1-F2ADEA4AB495}"
EndProject
Global
	GlobalSection(SolutionConfigurationPlatforms) = preSolution
		Debug|Any CPU = Debug|Any CPU
		Release|Any CPU = Release|Any CPU
	EndGlobalSection
	GlobalSection(ProjectConfigurationPlatforms) = postSolution
		{2D4567CB-9C2F-4348-A1A1-F2ADEA4AB495}.Debug|Any CPU.ActiveCfg = Debug|Any CPU
		{2D4567CB-9C2F-4348-A1A1-F2ADEA4AB495}.Debug|Any CPU.Build.0 = Debug|Any CPU
		{2D4567CB-9C2F-4348-A1A1-F2ADEA4AB495}.Release|Any CPU.ActiveCfg = Release|Any CPU
		{2D4567CB-9C2F-4348-A1A1-F2ADEA4AB495}.Release|Any CPU.Build.0 = Release|Any CPU
	EndGlobalSection
	GlobalSection(MonoDevelopProperties) = preSolution
		StartupItem = ADOExample\ADOExample.csproj
	EndGlobalSection
EndGlobal
